
Microsoft Visual Studio Solution File, Format Version 12.00
# Visual Studio Version 17
VisualStudioVersion = 17.8.34322.80
MinimumVisualStudioVersion = 10.0.40219.1
Project("{FAE04EC0-301F-11D3-BF4B-00C04F79EFBC}") = "TheHomingPigeon", "TheHomingPigeon\TheHomingPigeon.csproj", "{5C7BFFF2-0F14-4945-BE1B-2407F40D044B}"
EndProject
Project("{FAE04EC0-301F-11D3-BF4B-00C04F79EFBC}") = "TheHomingPigeon.Data", "TheHomingPigeon.Data\TheHomingPigeon.Data.csproj", "{8CE01B44-8070-4080-98D6-A753923C417C}"
EndProject
Project("{FAE04EC0-301F-11D3-BF4B-00C04F79EFBC}") = "TheHomingPigeon.Model", "TheHomingPigeon.Model\TheHomingPigeon.Model.csproj", "{E3895A2E-3B74-4FC6-9351-98AD2DE2F551}"
EndProject
Global
	GlobalSection(SolutionConfigurationPlatforms) = preSolution
		Debug|Any CPU = Debug|Any CPU
		Release|Any CPU = Release|Any CPU
	EndGlobalSection
	GlobalSection(ProjectConfigurationPlatforms) = postSolution
		{5C7BFFF2-0F14-4945-BE1B-2407F40D044B}.Debug|Any CPU.ActiveCfg = Debug|Any CPU
		{5C7BFFF2-0F14-4945-BE1B-2407F40D044B}.Debug|Any CPU.Build.0 = Debug|Any CPU
		{5C7BFFF2-0F14-4945-BE1B-2407F40D044B}.Release|Any CPU.ActiveCfg = Release|Any CPU
		{5C7BFFF2-0F14-4945-BE1B-2407F40D044B}.Release|Any CPU.Build.0 = Release|Any CPU
		{8CE01B44-8070-4080-98D6-A753923C417C}.Debug|Any CPU.ActiveCfg = Debug|Any CPU
		{8CE01B44-8070-4080-98D6-A753923C417C}.Debug|Any CPU.Build.0 = Debug|Any CPU
		{8CE01B44-8070-4080-98D6-A753923C417C}.Release|Any CPU.ActiveCfg = Release|Any CPU
		{8CE01B44-8070-4080-98D6-A753923C417C}.Release|Any CPU.Build.0 = Release|Any CPU
		{E3895A2E-3B74-4FC6-9351-98AD2DE2F551}.Debug|Any CPU.ActiveCfg = Debug|Any CPU
		{E3895A2E-3B74-4FC6-9351-98AD2DE2F551}.Debug|Any CPU.Build.0 = Debug|Any CPU
		{E3895A2E-3B74-4FC6-9351-98AD2DE2F551}.Release|Any CPU.ActiveCfg = Release|Any CPU
		{E3895A2E-3B74-4FC6-9351-98AD2DE2F551}.Release|Any CPU.Build.0 = Release|Any CPU
	EndGlobalSection
	GlobalSection(SolutionProperties) = preSolution
		HideSolutionNode = FALSE
	EndGlobalSection
	GlobalSection(ExtensibilityGlobals) = postSolution
		SolutionGuid = {C6FBA051-50B0-4323-8F98-7313B8DF19CC}
	EndGlobalSection
EndGlobal
